Microsoft Visual Studio Solution File, Format Version 12.00
# Visual Studio Version 17
VisualStudioVersion = 17.4.33205.214
MinimumVisualStudioVersion = 10.0.40219.1
Project("{2150E333-8FDC-42A3-9474-1A3956D46DE8}") = "ThirdParty", "ThirdParty", "{CF91F97B-5FF9-4860-8972-644A9AE5F13B}"
EndProject
Project("{FAE04EC0-301F-11D3-BF4B-00C04F79EFBC}") = "WorkflowConsole", "WorkflowConsole\WorkflowConsole.csproj", "{C00641BF-9FE0-459E-BE39-B4D682DA2B32}"
EndProject
Project("{9A19103F-16F7-4668-BE54-9A1E7A4F7556}") = "WorkflowLibrary", "WorkflowLibrary\WorkflowLibrary.csproj", "{0BD81690-079B-4A40-A932-FADBAEA685E0}"
EndProject
Project("{FAE04EC0-301F-11D3-BF4B-00C04F79EFBC}") = "WorkflowService", "WorkflowService\WorkflowService.csproj", "{54052FB7-B688-4D5C-9D1A-925F73629016}"
EndProject
Project("{FAE04EC0-301F-11D3-BF4B-00C04F79EFBC}") = "WorkflowTray", "WorkflowTray\WorkflowTray.csproj", "{1FAB1DED-2419-4940-9AEE-BCDAADB1996A}"
EndProject
Project("{FAE04EC0-301F-11D3-BF4B-00C04F79EFBC}") = "WorkflowApplication", "WorkflowApplication\WorkflowApplication.csproj", "{D1D774DC-BD3E-477B-B90A-EFC1D98D1EE8}"
EndProject
Project("{2150E333-8FDC-42A3-9474-1A3956D46DE8}") = "Tracer", "Tracer", "{F1074CCB-5B00-4167-9371-1833672A8C03}"
EndProject
Project("{2150E333-8FDC-42A3-9474-1A3956D46DE8}") = "netcoreapp3.1", "netcoreapp3.1", "{3A21CD5E-84E4-4EC7-92A1-ACDF440F7C40}"
	ProjectSection(SolutionItems) = preProject
		ThirdParty\Tracer\netcoreapp3.1\TracerLibrary.deps.json = ThirdParty\Tracer\netcoreapp3.1\TracerLibrary.deps.json
		ThirdParty\Tracer\netcoreapp3.1\TracerLibrary.dll = ThirdParty\Tracer\netcoreapp3.1\TracerLibrary.dll
		ThirdParty\Tracer\netcoreapp3.1\TracerLibrary.pdb = ThirdParty\Tracer\netcoreapp3.1\TracerLibrary.pdb
	EndProjectSection
EndProject
Project("{2150E333-8FDC-42A3-9474-1A3956D46DE8}") = "net452", "net452", "{6C20FD6C-B83B-4345-ABA1-9544E850999B}"
	ProjectSection(SolutionItems) = preProject
		ThirdParty\Tracer\net452\TraceLibrary.pdb = ThirdParty\Tracer\net452\TraceLibrary.pdb
		ThirdParty\Tracer\net452\TracerLibrary.dll = ThirdParty\Tracer\net452\TracerLibrary.dll
		ThirdParty\Tracer\net452\TracerLibrary.pdb = ThirdParty\Tracer\net452\TracerLibrary.pdb
	EndProjectSection
EndProject
Project("{9A19103F-16F7-4668-BE54-9A1E7A4F7556}") = "WorkflowTest", "WorkflowTest\WorkflowTest.csproj", "{6B65FE7F-FE3D-49CC-915B-F8746F8DB74D}"
EndProject
Global
	GlobalSection(SolutionConfigurationPlatforms) = preSolution
		Debug|Any CPU = Debug|Any CPU
		Release|Any CPU = Release|Any CPU
	EndGlobalSection
	GlobalSection(ProjectConfigurationPlatforms) = postSolution
		{C00641BF-9FE0-459E-BE39-B4D682DA2B32}.Debug|Any CPU.ActiveCfg = Debug|Any CPU
		{C00641BF-9FE0-459E-BE39-B4D682DA2B32}.Debug|Any CPU.Build.0 = Debug|Any CPU
		{C00641BF-9FE0-459E-BE39-B4D682DA2B32}.Release|Any CPU.ActiveCfg = Release|Any CPU
		{C00641BF-9FE0-459E-BE39-B4D682DA2B32}.Release|Any CPU.Build.0 = Release|Any CPU
		{0BD81690-079B-4A40-A932-FADBAEA685E0}.Debug|Any CPU.ActiveCfg = Debug|Any CPU
		{0BD81690-079B-4A40-A932-FADBAEA685E0}.Debug|Any CPU.Build.0 = Debug|Any CPU
		{0BD81690-079B-4A40-A932-FADBAEA685E0}.Release|Any CPU.ActiveCfg = Release|Any CPU
		{0BD81690-079B-4A40-A932-FADBAEA685E0}.Release|Any CPU.Build.0 = Release|Any CPU
		{54052FB7-B688-4D5C-9D1A-925F73629016}.Debug|Any CPU.ActiveCfg = Debug|Any CPU
		{54052FB7-B688-4D5C-9D1A-925F73629016}.Debug|Any CPU.Build.0 = Debug|Any CPU
		{54052FB7-B688-4D5C-9D1A-925F73629016}.Release|Any CPU.ActiveCfg = Release|Any CPU
		{54052FB7-B688-4D5C-9D1A-925F73629016}.Release|Any CPU.Build.0 = Release|Any CPU
		{1FAB1DED-2419-4940-9AEE-BCDAADB1996A}.Debug|Any CPU.ActiveCfg = Debug|Any CPU
		{1FAB1DED-2419-4940-9AEE-BCDAADB1996A}.Debug|Any CPU.Build.0 = Debug|Any CPU
		{1FAB1DED-2419-4940-9AEE-BCDAADB1996A}.Release|Any CPU.ActiveCfg = Release|Any CPU
		{1FAB1DED-2419-4940-9AEE-BCDAADB1996A}.Release|Any CPU.Build.0 = Release|Any CPU
		{D1D774DC-BD3E-477B-B90A-EFC1D98D1EE8}.Debug|Any CPU.ActiveCfg = Debug|Any CPU
		{D1D774DC-BD3E-477B-B90A-EFC1D98D1EE8}.Debug|Any CPU.Build.0 = Debug|Any CPU
		{D1D774DC-BD3E-477B-B90A-EFC1D98D1EE8}.Release|Any CPU.ActiveCfg = Release|Any CPU
		{D1D774DC-BD3E-477B-B90A-EFC1D98D1EE8}.Release|Any CPU.Build.0 = Release|Any CPU
		{6B65FE7F-FE3D-49CC-915B-F8746F8DB74D}.Debug|Any CPU.ActiveCfg = Debug|Any CPU
		{6B65FE7F-FE3D-49CC-915B-F8746F8DB74D}.Debug|Any CPU.Build.0 = Debug|Any CPU
		{6B65FE7F-FE3D-49CC-915B-F8746F8DB74D}.Release|Any CPU.ActiveCfg = Release|Any CPU
		{6B65FE7F-FE3D-49CC-915B-F8746F8DB74D}.Release|Any CPU.Build.0 = Release|Any CPU
	EndGlobalSection
	GlobalSection(SolutionProperties) = preSolution
		HideSolutionNode = FALSE
	EndGlobalSection
	GlobalSection(NestedProjects) = preSolution
		{F1074CCB-5B00-4167-9371-1833672A8C03} = {CF91F97B-5FF9-4860-8972-644A9AE5F13B}
		{3A21CD5E-84E4-4EC7-92A1-ACDF440F7C40} = {F1074CCB-5B00-4167-9371-1833672A8C03}
		{6C20FD6C-B83B-4345-ABA1-9544E850999B} = {F1074CCB-5B00-4167-9371-1833672A8C03}
	EndGlobalSection
	GlobalSection(ExtensibilityGlobals) = postSolution
		SolutionGuid = {D86DD27F-E75D-439A-9C14-3286CAB20BAA}
	EndGlobalSection
	GlobalSection(SubversionScc) = preSolution
		Svn-Managed = True
		Manager = AnkhSVN - Subversion Support for Visual Studio
	EndGlobalSection
EndGlobal
